
Microsoft Visual Studio Solution File, Format Version 12.00
# Visual Studio Version 16
VisualStudioVersion = 16.0.29102.190
MinimumVisualStudioVersion = 10.0.40219.1
Project("{FAE04EC0-301F-11D3-BF4B-00C04F79EFBC}") = "SitePInger", "SitePInger\SitePInger.csproj", "{810EFFFD-F9BC-40C8-B154-2B4FC41B3036}"
EndProject
Global
	GlobalSection(SolutionConfigurationPlatforms) = preSolution
		Debug|Any CPU = Debug|Any CPU
		Release|Any CPU = Release|Any CPU
	EndGlobalSection
	GlobalSection(ProjectConfigurationPlatforms) = postSolution
		{810EFFFD-F9BC-40C8-B154-2B4FC41B3036}.Debug|Any CPU.ActiveCfg = Debug|Any CPU
		{810EFFFD-F9BC-40C8-B154-2B4FC41B3036}.Debug|Any CPU.Build.0 = Debug|Any CPU
		{810EFFFD-F9BC-40C8-B154-2B4FC41B3036}.Release|Any CPU.ActiveCfg = Release|Any CPU
		{810EFFFD-F9BC-40C8-B154-2B4FC41B3036}.Release|Any CPU.Build.0 = Release|Any CPU
	EndGlobalSection
	GlobalSection(SolutionProperties) = preSolution
		HideSolutionNode = FALSE
	EndGlobalSection
	GlobalSection(ExtensibilityGlobals) = postSolution
		SolutionGuid = {997B4499-166F-4C71-8C95-8AE0ACBA4D1E}
	EndGlobalSection
EndGlobal
